
Microsoft Visual Studio Solution File, Format Version 12.00
# Visual Studio Version 16
VisualStudioVersion = 16.0.28803.352
MinimumVisualStudioVersion = 10.0.40219.1
Project("{9A19103F-16F7-4668-BE54-9A1E7A4F7556}") = "app", "app.csproj", "{A7724CA7-5689-4CDF-8E0F-47FD4F74B805}"
EndProject
Project("{FAE04EC0-301F-11D3-BF4B-00C04F79EFBC}") = "WebUI", "..\WebUI\WebUI.csproj", "{41016164-D906-49D8-A711-7CC427CD42AA}"
EndProject
Global
	GlobalSection(SolutionConfigurationPlatforms) = preSolution
		Debug|Any CPU = Debug|Any CPU
		Release|Any CPU = Release|Any CPU
	EndGlobalSection
	GlobalSection(ProjectConfigurationPlatforms) = postSolution
		{A7724CA7-5689-4CDF-8E0F-47FD4F74B805}.Debug|Any CPU.ActiveCfg = Debug|Any CPU
		{A7724CA7-5689-4CDF-8E0F-47FD4F74B805}.Debug|Any CPU.Build.0 = Debug|Any CPU
		{A7724CA7-5689-4CDF-8E0F-47FD4F74B805}.Release|Any CPU.ActiveCfg = Release|Any CPU
		{A7724CA7-5689-4CDF-8E0F-47FD4F74B805}.Release|Any CPU.Build.0 = Release|Any CPU
		{41016164-D906-49D8-A711-7CC427CD42AA}.Debug|Any CPU.ActiveCfg = Debug|Any CPU
		{41016164-D906-49D8-A711-7CC427CD42AA}.Debug|Any CPU.Build.0 = Debug|Any CPU
		{41016164-D906-49D8-A711-7CC427CD42AA}.Release|Any CPU.ActiveCfg = Release|Any CPU
		{41016164-D906-49D8-A711-7CC427CD42AA}.Release|Any CPU.Build.0 = Release|Any CPU
	EndGlobalSection
	GlobalSection(SolutionProperties) = preSolution
		HideSolutionNode = FALSE
	EndGlobalSection
	GlobalSection(ExtensibilityGlobals) = postSolution
		SolutionGuid = {70AD7885-6304-43FD-A845-CF61498F5A4B}
	EndGlobalSection
EndGlobal
